
Microsoft Visual Studio Solution File, Format Version 12.00
# Visual Studio Version 17
VisualStudioVersion = 17.0.31919.166
MinimumVisualStudioVersion = 10.0.40219.1
Project("{9A19103F-16F7-4668-BE54-9A1E7A4F7556}") = "SetlistFmAPI", "SetlistFmApi\SetlistFmAPI.csproj", "{E08E9B9E-EB95-4FC2-95AD-9DA2E5E2B007}"
EndProject
Project("{9A19103F-16F7-4668-BE54-9A1E7A4F7556}") = "SetlistFmAPI.Tests", "SetlistFmApi.Tests\SetlistFmAPI.Tests.csproj", "{756FE4EF-8CAF-4549-8222-4AD814049571}"
EndProject
Project("{FAE04EC0-301F-11D3-BF4B-00C04F79EFBC}") = "ConcertBuddy.ConsoleApp", "ConcertBuddy.ConsoleApp\ConcertBuddy.ConsoleApp.csproj", "{68B80A89-B854-4070-B265-28B4749F704B}"
EndProject
Global
	GlobalSection(SolutionConfigurationPlatforms) = preSolution
		Debug|Any CPU = Debug|Any CPU
		Release|Any CPU = Release|Any CPU
	EndGlobalSection
	GlobalSection(ProjectConfigurationPlatforms) = postSolution
		{E08E9B9E-EB95-4FC2-95AD-9DA2E5E2B007}.Debug|Any CPU.ActiveCfg = Debug|Any CPU
		{E08E9B9E-EB95-4FC2-95AD-9DA2E5E2B007}.Debug|Any CPU.Build.0 = Debug|Any CPU
		{E08E9B9E-EB95-4FC2-95AD-9DA2E5E2B007}.Release|Any CPU.ActiveCfg = Release|Any CPU
		{E08E9B9E-EB95-4FC2-95AD-9DA2E5E2B007}.Release|Any CPU.Build.0 = Release|Any CPU
		{756FE4EF-8CAF-4549-8222-4AD814049571}.Debug|Any CPU.ActiveCfg = Debug|Any CPU
		{756FE4EF-8CAF-4549-8222-4AD814049571}.Debug|Any CPU.Build.0 = Debug|Any CPU
		{756FE4EF-8CAF-4549-8222-4AD814049571}.Release|Any CPU.ActiveCfg = Release|Any CPU
		{756FE4EF-8CAF-4549-8222-4AD814049571}.Release|Any CPU.Build.0 = Release|Any CPU
		{68B80A89-B854-4070-B265-28B4749F704B}.Debug|Any CPU.ActiveCfg = Debug|Any CPU
		{68B80A89-B854-4070-B265-28B4749F704B}.Debug|Any CPU.Build.0 = Debug|Any CPU
		{68B80A89-B854-4070-B265-28B4749F704B}.Release|Any CPU.ActiveCfg = Release|Any CPU
		{68B80A89-B854-4070-B265-28B4749F704B}.Release|Any CPU.Build.0 = Release|Any CPU
	EndGlobalSection
	GlobalSection(SolutionProperties) = preSolution
		HideSolutionNode = FALSE
	EndGlobalSection
	GlobalSection(ExtensibilityGlobals) = postSolution
		SolutionGuid = {6557B377-3201-44A3-8BD9-87B908F354C4}
	EndGlobalSection
EndGlobal
