
Microsoft Visual Studio Solution File, Format Version 12.00
# Visual Studio Version 17
VisualStudioVersion = 17.0.31919.166
MinimumVisualStudioVersion = 10.0.40219.1
Project("{9A19103F-16F7-4668-BE54-9A1E7A4F7556}") = "SetlistFmAPI", "SetlistFmApi\SetlistFmAPI.csproj", "{E08E9B9E-EB95-4FC2-95AD-9DA2E5E2B007}"
EndProject
Project("{9A19103F-16F7-4668-BE54-9A1E7A4F7556}") = "SetlistFmAPI.Tests", "SetlistFmApi.Tests\SetlistFmAPI.Tests.csproj", "{756FE4EF-8CAF-4549-8222-4AD814049571}"
EndProject
Project("{9A19103F-16F7-4668-BE54-9A1E7A4F7556}") = "ConcertBuddy.ConsoleApp", "ConcertBuddy.ConsoleApp\ConcertBuddy.ConsoleApp.csproj", "{68B80A89-B854-4070-B265-28B4749F704B}"
EndProject
Project("{9A19103F-16F7-4668-BE54-9A1E7A4F7556}") = "LyricsScraper", "LyricsScraper\LyricsScraper.csproj", "{BF866A82-B4B2-4B4B-B149-4061FC1F052D}"
EndProject
Project("{9A19103F-16F7-4668-BE54-9A1E7A4F7556}") = "LyricsScraper.Test", "LyricsScraper.Test\LyricsScraper.Test.csproj", "{BE4EA92C-964F-49B0-BD58-F7F5A3255116}"
EndProject
Project("{9A19103F-16F7-4668-BE54-9A1E7A4F7556}") = "MusicSearcher", "MusicSearcher\MusicSearcher.csproj", "{1D5CCB83-2E9F-40FD-B7DE-20F8906E6950}"
EndProject
Project("{9A19103F-16F7-4668-BE54-9A1E7A4F7556}") = "MusicSearcher.Tests", "MusicSearcher.Tests\MusicSearcher.Tests.csproj", "{037E8C06-84E3-4AE1-BEB1-88EDF0B10A83}"
EndProject
Project("{2150E333-8FDC-42A3-9474-1A3956D46DE8}") = "doc", "doc", "{BAA4915A-F5EB-494D-84C4-AFE314C8271F}"
EndProject
Project("{2150E333-8FDC-42A3-9474-1A3956D46DE8}") = "hosting", "hosting", "{A0B9F211-C43F-42B6-9014-8FFD76EE82EB}"
	ProjectSection(SolutionItems) = preProject
		..\..\..\Users\sativ\Desktop\vscale\docker\commands_docker.txt = ..\..\..\Users\sativ\Desktop\vscale\docker\commands_docker.txt
		..\..\..\Users\sativ\Desktop\vscale\docker\commands_useful.txt = ..\..\..\Users\sativ\Desktop\vscale\docker\commands_useful.txt
		..\..\..\Users\sativ\Desktop\vscale\docker\install_docker.txt = ..\..\..\Users\sativ\Desktop\vscale\docker\install_docker.txt
	EndProjectSection
EndProject
Global
	GlobalSection(SolutionConfigurationPlatforms) = preSolution
		Debug|Any CPU = Debug|Any CPU
		Release|Any CPU = Release|Any CPU
	EndGlobalSection
	GlobalSection(ProjectConfigurationPlatforms) = postSolution
		{E08E9B9E-EB95-4FC2-95AD-9DA2E5E2B007}.Debug|Any CPU.ActiveCfg = Debug|Any CPU
		{E08E9B9E-EB95-4FC2-95AD-9DA2E5E2B007}.Debug|Any CPU.Build.0 = Debug|Any CPU
		{E08E9B9E-EB95-4FC2-95AD-9DA2E5E2B007}.Release|Any CPU.ActiveCfg = Release|Any CPU
		{E08E9B9E-EB95-4FC2-95AD-9DA2E5E2B007}.Release|Any CPU.Build.0 = Release|Any CPU
		{756FE4EF-8CAF-4549-8222-4AD814049571}.Debug|Any CPU.ActiveCfg = Debug|Any CPU
		{756FE4EF-8CAF-4549-8222-4AD814049571}.Debug|Any CPU.Build.0 = Debug|Any CPU
		{756FE4EF-8CAF-4549-8222-4AD814049571}.Release|Any CPU.ActiveCfg = Release|Any CPU
		{756FE4EF-8CAF-4549-8222-4AD814049571}.Release|Any CPU.Build.0 = Release|Any CPU
		{68B80A89-B854-4070-B265-28B4749F704B}.Debug|Any CPU.ActiveCfg = Debug|Any CPU
		{68B80A89-B854-4070-B265-28B4749F704B}.Debug|Any CPU.Build.0 = Debug|Any CPU
		{68B80A89-B854-4070-B265-28B4749F704B}.Release|Any CPU.ActiveCfg = Release|Any CPU
		{68B80A89-B854-4070-B265-28B4749F704B}.Release|Any CPU.Build.0 = Release|Any CPU
		{BF866A82-B4B2-4B4B-B149-4061FC1F052D}.Debug|Any CPU.ActiveCfg = Debug|Any CPU
		{BF866A82-B4B2-4B4B-B149-4061FC1F052D}.Debug|Any CPU.Build.0 = Debug|Any CPU
		{BF866A82-B4B2-4B4B-B149-4061FC1F052D}.Release|Any CPU.ActiveCfg = Release|Any CPU
		{BF866A82-B4B2-4B4B-B149-4061FC1F052D}.Release|Any CPU.Build.0 = Release|Any CPU
		{BE4EA92C-964F-49B0-BD58-F7F5A3255116}.Debug|Any CPU.ActiveCfg = Debug|Any CPU
		{BE4EA92C-964F-49B0-BD58-F7F5A3255116}.Debug|Any CPU.Build.0 = Debug|Any CPU
		{BE4EA92C-964F-49B0-BD58-F7F5A3255116}.Release|Any CPU.ActiveCfg = Release|Any CPU
		{BE4EA92C-964F-49B0-BD58-F7F5A3255116}.Release|Any CPU.Build.0 = Release|Any CPU
		{1D5CCB83-2E9F-40FD-B7DE-20F8906E6950}.Debug|Any CPU.ActiveCfg = Debug|Any CPU
		{1D5CCB83-2E9F-40FD-B7DE-20F8906E6950}.Debug|Any CPU.Build.0 = Debug|Any CPU
		{1D5CCB83-2E9F-40FD-B7DE-20F8906E6950}.Release|Any CPU.ActiveCfg = Release|Any CPU
		{1D5CCB83-2E9F-40FD-B7DE-20F8906E6950}.Release|Any CPU.Build.0 = Release|Any CPU
		{037E8C06-84E3-4AE1-BEB1-88EDF0B10A83}.Debug|Any CPU.ActiveCfg = Debug|Any CPU
		{037E8C06-84E3-4AE1-BEB1-88EDF0B10A83}.Debug|Any CPU.Build.0 = Debug|Any CPU
		{037E8C06-84E3-4AE1-BEB1-88EDF0B10A83}.Release|Any CPU.ActiveCfg = Release|Any CPU
		{037E8C06-84E3-4AE1-BEB1-88EDF0B10A83}.Release|Any CPU.Build.0 = Release|Any CPU
	EndGlobalSection
	GlobalSection(SolutionProperties) = preSolution
		HideSolutionNode = FALSE
	EndGlobalSection
	GlobalSection(NestedProjects) = preSolution
		{A0B9F211-C43F-42B6-9014-8FFD76EE82EB} = {BAA4915A-F5EB-494D-84C4-AFE314C8271F}
	EndGlobalSection
	GlobalSection(ExtensibilityGlobals) = postSolution
		SolutionGuid = {6557B377-3201-44A3-8BD9-87B908F354C4}
	EndGlobalSection
EndGlobal
